// !$*UTF8*$!
{
	archiveVersion = 1;
	classes = {
	};
	objectVersion = 77;
	objects = {

/* Begin PBXBuildFile section */
		F59F2B982D130B1A00D2C8AA /* pigeonstudy.gif in Resources */ = {isa = PBXBuildFile; fileRef = F59F2B962D130B1A00D2C8AA /* pigeonstudy.gif */; };
		F59F2B992D130B1A00D2C8AA /* Preview Assets.xcassets in Resources */ = {isa = PBXBuildFile; fileRef = F59F2B8E2D130B1A00D2C8AA /* Preview Assets.xcassets */; };
		F59F2B9A2D130B1A00D2C8AA /* Assets.xcassets in Resources */ = {isa = PBXBuildFile; fileRef = F59F2B912D130B1A00D2C8AA /* Assets.xcassets */; };
		F59F2B9B2D130B1A00D2C8AA /* failed timer.swift in Sources */ = {isa = PBXBuildFile; fileRef = F59F2B932D130B1A00D2C8AA /* failed timer.swift */; };
		F59F2B9C2D130B1A00D2C8AA /* FocusartApp.swift in Sources */ = {isa = PBXBuildFile; fileRef = F59F2B942D130B1A00D2C8AA /* FocusartApp.swift */; };
		F59F2B9D2D130B1A00D2C8AA /* ContentView.swift in Sources */ = {isa = PBXBuildFile; fileRef = F59F2B922D130B1A00D2C8AA /* ContentView.swift */; };
		F59F2B9E2D130B1A00D2C8AA /* FuctionGif.swift in Sources */ = {isa = PBXBuildFile; fileRef = F59F2B952D130B1A00D2C8AA /* FuctionGif.swift */; };
		F59F2B9F2D130B1A00D2C8AA /* Arc.swift in Sources */ = {isa = PBXBuildFile; fileRef = F59F2B902D130B1A00D2C8AA /* Arc.swift */; };
/* End PBXBuildFile section */

/* Begin PBXFileReference section */
		F556B6D92D08875600F0CC8E /* Focusart.app */ = {isa = PBXFileReference; explicitFileType = wrapper.application; includeInIndex = 0; path = Focusart.app; sourceTree = BUILT_PRODUCTS_DIR; };
		F59F2B8E2D130B1A00D2C8AA /* Preview Assets.xcassets */ = {isa = PBXFileReference; lastKnownFileType = folder.assetcatalog; path = "Preview Assets.xcassets"; sourceTree = "<group>"; };
		F59F2B902D130B1A00D2C8AA /* Arc.swift */ = {isa = PBXFileReference; lastKnownFileType = sourcecode.swift; path = Arc.swift; sourceTree = "<group>"; };
		F59F2B912D130B1A00D2C8AA /* Assets.xcassets */ = {isa = PBXFileReference; lastKnownFileType = folder.assetcatalog; path = Assets.xcassets; sourceTree = "<group>"; };
		F59F2B922D130B1A00D2C8AA /* ContentView.swift */ = {isa = PBXFileReference; lastKnownFileType = sourcecode.swift; path = ContentView.swift; sourceTree = "<group>"; };
		F59F2B932D130B1A00D2C8AA /* failed timer.swift */ = {isa = PBXFileReference; lastKnownFileType = sourcecode.swift; path = "failed timer.swift"; sourceTree = "<group>"; };
		F59F2B942D130B1A00D2C8AA /* FocusartApp.swift */ = {isa = PBXFileReference; lastKnownFileType = sourcecode.swift; path = FocusartApp.swift; sourceTree = "<group>"; };
		F59F2B952D130B1A00D2C8AA /* FuctionGif.swift */ = {isa = PBXFileReference; lastKnownFileType = sourcecode.swift; path = FuctionGif.swift; sourceTree = "<group>"; };
		F59F2B962D130B1A00D2C8AA /* pigeonstudy.gif */ = {isa = PBXFileReference; lastKnownFileType = image.gif; path = pigeonstudy.gif; sourceTree = "<group>"; };
/* End PBXFileReference section */

/* Begin PBXFrameworksBuildPhase section */
		F556B6D62D08875600F0CC8E /* Frameworks */ = {
			isa = PBXFrameworksBuildPhase;
			buildActionMask = 2147483647;
			files = (
			);
			runOnlyForDeploymentPostprocessing = 0;
		};
/* End PBXFrameworksBuildPhase section */

/* Begin PBXGroup section */
		F556B6D02D08875600F0CC8E = {
			isa = PBXGroup;
			children = (
				F59F2B972D130B1A00D2C8AA /* Focusart */,
				F556B6DA2D08875600F0CC8E /* Products */,
			);
			sourceTree = "<group>";
		};
		F556B6DA2D08875600F0CC8E /* Products */ = {
			isa = PBXGroup;
			children = (
				F556B6D92D08875600F0CC8E /* Focusart.app */,
			);
			name = Products;
			sourceTree = "<group>";
		};
		F59F2B8F2D130B1A00D2C8AA /* Preview Content */ = {
			isa = PBXGroup;
			children = (
				F59F2B8E2D130B1A00D2C8AA /* Preview Assets.xcassets */,
			);
			path = "Preview Content";
			sourceTree = "<group>";
		};
		F59F2B972D130B1A00D2C8AA /* Focusart */ = {
			isa = PBXGroup;
			children = (
				F59F2B8F2D130B1A00D2C8AA /* Preview Content */,
				F59F2B902D130B1A00D2C8AA /* Arc.swift */,
				F59F2B912D130B1A00D2C8AA /* Assets.xcassets */,
				F59F2B922D130B1A00D2C8AA /* ContentView.swift */,
				F59F2B932D130B1A00D2C8AA /* failed timer.swift */,
				F59F2B942D130B1A00D2C8AA /* FocusartApp.swift */,
				F59F2B952D130B1A00D2C8AA /* FuctionGif.swift */,
				F59F2B962D130B1A00D2C8AA /* pigeonstudy.gif */,
			);
			path = Focusart;
			sourceTree = "<group>";
		};
/* End PBXGroup section */

/* Begin PBXNativeTarget section */
		F556B6D82D08875600F0CC8E /* Focusart */ = {
			isa = PBXNativeTarget;
			buildConfigurationList = F556B6E72D08875700F0CC8E /* Build configuration list for PBXNativeTarget "Focusart" */;
			buildPhases = (
				F556B6D52D08875600F0CC8E /* Sources */,
				F556B6D62D08875600F0CC8E /* Frameworks */,
				F556B6D72D08875600F0CC8E /* Resources */,
			);
			buildRules = (
			);
			dependencies = (
			);
			name = Focusart;
			packageProductDependencies = (
			);
			productName = "timer 23";
			productReference = F556B6D92D08875600F0CC8E /* Focusart.app */;
			productType = "com.apple.product-type.application";
		};
/* End PBXNativeTarget section */

/* Begin PBXProject section */
		F556B6D12D08875600F0CC8E /* Project object */ = {
			isa = PBXProject;
			attributes = {
				BuildIndependentTargetsInParallel = 1;
				LastSwiftUpdateCheck = 1610;
				LastUpgradeCheck = 1610;
				TargetAttributes = {
					F556B6D82D08875600F0CC8E = {
						CreatedOnToolsVersion = 16.1;
					};
				};
			};
			buildConfigurationList = F556B6D42D08875600F0CC8E /* Build configuration list for PBXProject "Focusart" */;
			developmentRegion = en;
			hasScannedForEncodings = 0;
			knownRegions = (
				en,
				Base,
			);
			mainGroup = F556B6D02D08875600F0CC8E;
			minimizedProjectReferenceProxies = 1;
			preferredProjectObjectVersion = 77;
			productRefGroup = F556B6DA2D08875600F0CC8E /* Products */;
			projectDirPath = "";
			projectRoot = "";
			targets = (
				F556B6D82D08875600F0CC8E /* Focusart */,
			);
		};
/* End PBXProject section */

/* Begin PBXResourcesBuildPhase section */
		F556B6D72D08875600F0CC8E /* Resources */ = {
			isa = PBXResourcesBuildPhase;
			buildActionMask = 2147483647;
			files = (
				F59F2B982D130B1A00D2C8AA /* pigeonstudy.gif in Resources */,
				F59F2B992D130B1A00D2C8AA /* Preview Assets.xcassets in Resources */,
				F59F2B9A2D130B1A00D2C8AA /* Assets.xcassets in Resources */,
			);
			runOnlyForDeploymentPostprocessing = 0;
		};
/* End PBXResourcesBuildPhase section */

/* Begin PBXSourcesBuildPhase section */
		F556B6D52D08875600F0CC8E /* Sources */ = {
			isa = PBXSourcesBuildPhase;
			buildActionMask = 2147483647;
			files = (
				F59F2B9B2D130B1A00D2C8AA /* failed timer.swift in Sources */,
				F59F2B9C2D130B1A00D2C8AA /* FocusartApp.swift in Sources */,
				F59F2B9D2D130B1A00D2C8AA /* ContentView.swift in Sources */,
				F59F2B9E2D130B1A00D2C8AA /* FuctionGif.swift in Sources */,
				F59F2B9F2D130B1A00D2C8AA /* Arc.swift in Sources */,
			);
			runOnlyForDeploymentPostprocessing = 0;
		};
/* End PBXSourcesBuildPhase section */

/* Begin XCBuildConfiguration section */
		F556B6E52D08875700F0CC8E /* Debug */ = {
			isa = XCBuildConfiguration;
			buildSettings = {
				ALWAYS_SEARCH_USER_PATHS = NO;
				ASSETCATALOG_COMPILER_GENERATE_SWIFT_ASSET_SYMBOL_EXTENSIONS = YES;
				CLANG_ANALYZER_NONNULL = YES;
				CLANG_ANALYZER_NUMBER_OBJECT_CONVERSION = YES_AGGRESSIVE;
				CLANG_CXX_LANGUAGE_STANDARD = "gnu++20";
				CLANG_ENABLE_MODULES = YES;
				CLANG_ENABLE_OBJC_ARC = YES;
				CLANG_ENABLE_OBJC_WEAK = YES;
				CLANG_WARN_BLOCK_CAPTURE_AUTORELEASING = YES;
				CLANG_WARN_BOOL_CONVERSION = YES;
				CLANG_WARN_COMMA = YES;
				CLANG_WARN_CONSTANT_CONVERSION = YES;
				CLANG_WARN_DEPRECATED_OBJC_IMPLEMENTATIONS = YES;
				CLANG_WARN_DIRECT_OBJC_ISA_USAGE = YES_ERROR;
				CLANG_WARN_DOCUMENTATION_COMMENTS = YES;
				CLANG_WARN_EMPTY_BODY = YES;
				CLANG_WARN_ENUM_CONVERSION = YES;
				CLANG_WARN_INFINITE_RECURSION = YES;
				CLANG_WARN_INT_CONVERSION = YES;
				CLANG_WARN_NON_LITERAL_NULL_CONVERSION = YES;
				CLANG_WARN_OBJC_IMPLICIT_RETAIN_SELF = YES;
				CLANG_WARN_OBJC_LITERAL_CONVERSION = YES;
				CLANG_WARN_OBJC_ROOT_CLASS = YES_ERROR;
				CLANG_WARN_QUOTED_INCLUDE_IN_FRAMEWORK_HEADER = YES;
				CLANG_WARN_RANGE_LOOP_ANALYSIS = YES;
				CLANG_WARN_STRICT_PROTOTYPES = YES;
				CLANG_WARN_SUSPICIOUS_MOVE = YES;
				CLANG_WARN_UNGUARDED_AVAILABILITY = YES_AGGRESSIVE;
				CLANG_WARN_UNREACHABLE_CODE = YES;
				CLANG_WARN__DUPLICATE_METHOD_MATCH = YES;
				COPY_PHASE_STRIP = NO;
				DEBUG_INFORMATION_FORMAT = dwarf;
				ENABLE_STRICT_OBJC_MSGSEND = YES;
				ENABLE_TESTABILITY = YES;
				ENABLE_USER_SCRIPT_SANDBOXING = YES;
				GCC_C_LANGUAGE_STANDARD = gnu17;
				GCC_DYNAMIC_NO_PIC = NO;
				GCC_NO_COMMON_BLOCKS = YES;
				GCC_OPTIMIZATION_LEVEL = 0;
				GCC_PREPROCESSOR_DEFINITIONS = (
					"DEBUG=1",
					"$(inherited)",
				);
				GCC_WARN_64_TO_32_BIT_CONVERSION = YES;
				GCC_WARN_ABOUT_RETURN_TYPE = YES_ERROR;
				GCC_WARN_UNDECLARED_SELECTOR = YES;
				GCC_WARN_UNINITIALIZED_AUTOS = YES_AGGRESSIVE;
				GCC_WARN_UNUSED_FUNCTION = YES;
				GCC_WARN_UNUSED_VARIABLE = YES;
				IPHONEOS_DEPLOYMENT_TARGET = 18.1;
				LOCALIZATION_PREFERS_STRING_CATALOGS = YES;
				MTL_ENABLE_DEBUG_INFO = INCLUDE_SOURCE;
				MTL_FAST_MATH = YES;
				ONLY_ACTIVE_ARCH = YES;
				SDKROOT = iphoneos;
				SWIFT_ACTIVE_COMPILATION_CONDITIONS = "DEBUG $(inherited)";
				SWIFT_OPTIMIZATION_LEVEL = "-Onone";
			};
			name = Debug;
		};
		F556B6E62D08875700F0CC8E /* Release */ = {
			isa = XCBuildConfiguration;
			buildSettings = {
				ALWAYS_SEARCH_USER_PATHS = NO;
				ASSETCATALOG_COMPILER_GENERATE_SWIFT_ASSET_SYMBOL_EXTENSIONS = YES;
				CLANG_ANALYZER_NONNULL = YES;
				CLANG_ANALYZER_NUMBER_OBJECT_CONVERSION = YES_AGGRESSIVE;
				CLANG_CXX_LANGUAGE_STANDARD = "gnu++20";
				CLANG_ENABLE_MODULES = YES;
				CLANG_ENABLE_OBJC_ARC = YES;
				CLANG_ENABLE_OBJC_WEAK = YES;
				CLANG_WARN_BLOCK_CAPTURE_AUTORELEASING = YES;
				CLANG_WARN_BOOL_CONVERSION = YES;
				CLANG_WARN_COMMA = YES;
				CLANG_WARN_CONSTANT_CONVERSION = YES;
				CLANG_WARN_DEPRECATED_OBJC_IMPLEMENTATIONS = YES;
				CLANG_WARN_DIRECT_OBJC_ISA_USAGE = YES_ERROR;
				CLANG_WARN_DOCUMENTATION_COMMENTS = YES;
				CLANG_WARN_EMPTY_BODY = YES;
				CLANG_WARN_ENUM_CONVERSION = YES;
				CLANG_WARN_INFINITE_RECURSION = YES;
				CLANG_WARN_INT_CONVERSION = YES;
				CLANG_WARN_NON_LITERAL_NULL_CONVERSION = YES;
				CLANG_WARN_OBJC_IMPLICIT_RETAIN_SELF = YES;
				CLANG_WARN_OBJC_LITERAL_CONVERSION = YES;
				CLANG_WARN_OBJC_ROOT_CLASS = YES_ERROR;
				CLANG_WARN_QUOTED_INCLUDE_IN_FRAMEWORK_HEADER = YES;
				CLANG_WARN_RANGE_LOOP_ANALYSIS = YES;
				CLANG_WARN_STRICT_PROTOTYPES = YES;
				CLANG_WARN_SUSPICIOUS_MOVE = YES;
				CLANG_WARN_UNGUARDED_AVAILABILITY = YES_AGGRESSIVE;
				CLANG_WARN_UNREACHABLE_CODE = YES;
				CLANG_WARN__DUPLICATE_METHOD_MATCH = YES;
				COPY_PHASE_STRIP = NO;
				DEBUG_INFORMATION_FORMAT = "dwarf-with-dsym";
				ENABLE_NS_ASSERTIONS = NO;
				ENABLE_STRICT_OBJC_MSGSEND = YES;
				ENABLE_USER_SCRIPT_SANDBOXING = YES;
				GCC_C_LANGUAGE_STANDARD = gnu17;
				GCC_NO_COMMON_BLOCKS = YES;
				GCC_WARN_64_TO_32_BIT_CONVERSION = YES;
				GCC_WARN_ABOUT_RETURN_TYPE = YES_ERROR;
				GCC_WARN_UNDECLARED_SELECTOR = YES;
				GCC_WARN_UNINITIALIZED_AUTOS = YES_AGGRESSIVE;
				GCC_WARN_UNUSED_FUNCTION = YES;
				GCC_WARN_UNUSED_VARIABLE = YES;
				IPHONEOS_DEPLOYMENT_TARGET = 18.1;
				LOCALIZATION_PREFERS_STRING_CATALOGS = YES;
				MTL_ENABLE_DEBUG_INFO = NO;
				MTL_FAST_MATH = YES;
				SDKROOT = iphoneos;
				SWIFT_COMPILATION_MODE = wholemodule;
				VALIDATE_PRODUCT = YES;
			};
			name = Release;
		};
		F556B6E82D08875700F0CC8E /* Debug */ = {
			isa = XCBuildConfiguration;
			buildSettings = {
				ASSETCATALOG_COMPILER_APPICON_NAME = AppIcon;
				ASSETCATALOG_COMPILER_GLOBAL_ACCENT_COLOR_NAME = AccentColor;
				CODE_SIGN_STYLE = Automatic;
				CURRENT_PROJECT_VERSION = 1;
				DEVELOPMENT_ASSET_PATHS = "\"timer 23/Preview Content\"";
				DEVELOPMENT_TEAM = 42DWXVJV33;
				ENABLE_PREVIEWS = YES;
				GENERATE_INFOPLIST_FILE = YES;
				INFOPLIST_KEY_UIApplicationSceneManifest_Generation = YES;
				INFOPLIST_KEY_UIApplicationSupportsIndirectInputEvents = YES;
				INFOPLIST_KEY_UILaunchScreen_Generation = YES;
				INFOPLIST_KEY_UISupportedInterfaceOrientations_iPad = "UIInterfaceOrientationPortrait UIInterfaceOrientationPortraitUpsideDown UIInterfaceOrientationLandscapeLeft UIInterfaceOrientationLandscapeRight";
				INFOPLIST_KEY_UISupportedInterfaceOrientations_iPhone = "UIInterfaceOrientationPortrait UIInterfaceOrientationLandscapeLeft UIInterfaceOrientationLandscapeRight";
				LD_RUNPATH_SEARCH_PATHS = (
					"$(inherited)",
					"@executable_path/Frameworks",
				);
				MARKETING_VERSION = 1.0;
				PRODUCT_BUNDLE_IDENTIFIER = "rita.timer-23";
				PRODUCT_NAME = Focusart;
				SWIFT_EMIT_LOC_STRINGS = YES;
				SWIFT_VERSION = 5.0;
				TARGETED_DEVICE_FAMILY = "1,2";
			};
			name = Debug;
		};
		F556B6E92D08875700F0CC8E /* Release */ = {
			isa = XCBuildConfiguration;
			buildSettings = {
				ASSETCATALOG_COMPILER_APPICON_NAME = AppIcon;
				ASSETCATALOG_COMPILER_GLOBAL_ACCENT_COLOR_NAME = AccentColor;
				CODE_SIGN_STYLE = Automatic;
				CURRENT_PROJECT_VERSION = 1;
				DEVELOPMENT_ASSET_PATHS = "\"timer 23/Preview Content\"";
				DEVELOPMENT_TEAM = 42DWXVJV33;
				ENABLE_PREVIEWS = YES;
				GENERATE_INFOPLIST_FILE = YES;
				INFOPLIST_KEY_UIApplicationSceneManifest_Generation = YES;
				INFOPLIST_KEY_UIApplicationSupportsIndirectInputEvents = YES;
				INFOPLIST_KEY_UILaunchScreen_Generation = YES;
				INFOPLIST_KEY_UISupportedInterfaceOrientations_iPad = "UIInterfaceOrientationPortrait UIInterfaceOrientationPortraitUpsideDown UIInterfaceOrientationLandscapeLeft UIInterfaceOrientationLandscapeRight";
				INFOPLIST_KEY_UISupportedInterfaceOrientations_iPhone = "UIInterfaceOrientationPortrait UIInterfaceOrientationLandscapeLeft UIInterfaceOrientationLandscapeRight";
				LD_RUNPATH_SEARCH_PATHS = (
					"$(inherited)",
					"@executable_path/Frameworks",
				);
				MARKETING_VERSION = 1.0;
				PRODUCT_BUNDLE_IDENTIFIER = "rita.timer-23";
				PRODUCT_NAME = Focusart;
				SWIFT_EMIT_LOC_STRINGS = YES;
				SWIFT_VERSION = 5.0;
				TARGETED_DEVICE_FAMILY = "1,2";
			};
			name = Release;
		};
/* End XCBuildConfiguration section */

/* Begin XCConfigurationList section */
		F556B6D42D08875600F0CC8E /* Build configuration list for PBXProject "Focusart" */ = {
			isa = XCConfigurationList;
			buildConfigurations = (
				F556B6E52D08875700F0CC8E /* Debug */,
				F556B6E62D08875700F0CC8E /* Release */,
			);
			defaultConfigurationIsVisible = 0;
			defaultConfigurationName = Release;
		};
		F556B6E72D08875700F0CC8E /* Build configuration list for PBXNativeTarget "Focusart" */ = {
			isa = XCConfigurationList;
			buildConfigurations = (
				F556B6E82D08875700F0CC8E /* Debug */,
				F556B6E92D08875700F0CC8E /* Release */,
			);
			defaultConfigurationIsVisible = 0;
			defaultConfigurationName = Release;
		};
/* End XCConfigurationList section */
	};
	rootObject = F556B6D12D08875600F0CC8E /* Project object */;
}
